dependencies:
- name: gitlab-runner
  repository: https://charts.gitlab.io
  version: 0.85.0
- name: gluon
  repository: oci://registry1.dso.mil/bigbang
  version: 0.9.7
- name: bb-common
  repository: oci://registry1.dso.mil/bigbang
  version: 0.14.0
digest: sha256:37e02af66ef501686a27ff51a22da92839affdea0d42f3c90025ed90f2765a79
generated: "2026-02-04T15:17:27.485818-07:00"
