dependencies:
- name: gitlab-runner
  repository: https://charts.gitlab.io
  version: 0.86.0
- name: gluon
  repository: oci://registry1.dso.mil/bigbang
  version: 0.9.8
- name: bb-common
  repository: oci://registry1.dso.mil/bigbang
  version: 0.14.1
digest: sha256:31e5fd464cac42281941e12c9c3b83be968de88a4f4632784045e18ca1e783b5
generated: "2026-02-25T07:30:12.88797747Z"
